// !$*UTF8*$!
{
	archiveVersion = 1;
	classes = {
	};
	objectVersion = 77;
	objects = {

/* Begin PBXBuildFile section */
		024796EBF8A5D5D67840C3A5 /* WeightliftingCatalog.swift in Sources */ = {isa = PBXBuildFile; fileRef = 29B001CD5F142F3952E9E878 /* WeightliftingCatalog.swift */; };
		063AB443952FB9982F356D28 /* IOSWorkoutSimilarityView.swift in Sources */ = {isa = PBXBuildFile; fileRef = 99CDD37A08A635780447FC38 /* IOSWorkoutSimilarityView.swift */; };
		0D1148A4C18BDAD9D9DFBBB8 /* LiftWatchWatchApp.app in Embed Watch Content */ = {isa = PBXBuildFile; fileRef = 98530B59666E634BAEF8828F /* LiftWatchWatchApp.app */; settings = {ATTRIBUTES = (RemoveHeadersOnCopy, ); }; };
		0E6B3F7E8591F208FF34ECEB /* SymbolLibrary.swift in Sources */ = {isa = PBXBuildFile; fileRef = 8430C873B9EBC9D14A61AA15 /* SymbolLibrary.swift */; };
		130A09FB98B9D3C02DF5BE37 /* ExerciseNamingTests.swift in Sources */ = {isa = PBXBuildFile; fileRef = 964B8E1686D27530410B59DF /* ExerciseNamingTests.swift */; };
		1AE44C0AFF2F5CCC5FBE2140 /* ExerciseLog.swift in Sources */ = {isa = PBXBuildFile; fileRef = 728ACC8B310BFE8A33055AAC /* ExerciseLog.swift */; };
		1B61E2603480C756DFF4EBFF /* LiftWatchTheme.swift in Sources */ = {isa = PBXBuildFile; fileRef = AF465B546A1AA52A42B47508 /* LiftWatchTheme.swift */; };
		1DDA0C985E06D3ADEB59AB5D /* IOSSettingsView.swift in Sources */ = {isa = PBXBuildFile; fileRef = 3C7D113116A50BA0EB61D537 /* IOSSettingsView.swift */; };
		20CF6FE87C8BBB5851418245 /* WatchSyncManager.swift in Sources */ = {isa = PBXBuildFile; fileRef = 81A0BD27D4D6EB2E3F5588D4 /* WatchSyncManager.swift */; };
		330A36006E70CB654BFEF550 /* WatchContentView.swift in Sources */ = {isa = PBXBuildFile; fileRef = 437120F8F55EE38EB36BD62F /* WatchContentView.swift */; };
		36CDBDC87625EB69A6D5B919 /* IOSPlanView.swift in Sources */ = {isa = PBXBuildFile; fileRef = 3429DB8D8287E347D7CFDAA9 /* IOSPlanView.swift */; };
		475CB43BC769993BEB7CDF4A /* ProgressiveOverloadEntry.swift in Sources */ = {isa = PBXBuildFile; fileRef = ADA038567F278407D2F2FAAA /* ProgressiveOverloadEntry.swift */; };
		4D16D53F45315918FB6BBD7E /* IOSExerciseLibraryView.swift in Sources */ = {isa = PBXBuildFile; fileRef = 4799A26FFFFF7DF32EEC6D97 /* IOSExerciseLibraryView.swift */; };
		4FCF5DC48122C4F086AC475C /* ExerciseNaming.swift in Sources */ = {isa = PBXBuildFile; fileRef = C122DD11C5CCB59383E9497A /* ExerciseNaming.swift */; };
		5036B906EB1A4983D0D79B61 /* LiftWatchPanel.swift in Sources */ = {isa = PBXBuildFile; fileRef = 128E3A25D20F597F4F35587F /* LiftWatchPanel.swift */; };
		515E05B5FD5B8076B0651696 /* ExerciseNaming.swift in Sources */ = {isa = PBXBuildFile; fileRef = C122DD11C5CCB59383E9497A /* ExerciseNaming.swift */; };
		5E13154507189EF2F6C07CD0 /* AppSettings.swift in Sources */ = {isa = PBXBuildFile; fileRef = 45BCE463E1D527F13F0615AF /* AppSettings.swift */; };
		5F36E547C4BEC592811F61C0 /* CloudSyncManager.swift in Sources */ = {isa = PBXBuildFile; fileRef = 4B84668B064FD309D601C9B4 /* CloudSyncManager.swift */; };
		5F8203881B9F19B7C4F606F3 /* SymbolLibrary.swift in Sources */ = {isa = PBXBuildFile; fileRef = 8430C873B9EBC9D14A61AA15 /* SymbolLibrary.swift */; };
		5FD91C1337B340C635CDD616 /* WeightUnit.swift in Sources */ = {isa = PBXBuildFile; fileRef = B1F722CE4D736FE8412D0523 /* WeightUnit.swift */; };
		61479F3CF71FF0560FC2A5F0 /* BackupSchemaTests.swift in Sources */ = {isa = PBXBuildFile; fileRef = 5A97AC26979A80FAD6756D66 /* BackupSchemaTests.swift */; };
		6280921CB0A5834DB9FEB6F1 /* ExerciseLog.swift in Sources */ = {isa = PBXBuildFile; fileRef = 728ACC8B310BFE8A33055AAC /* ExerciseLog.swift */; };
		62D6C31CA7A6CD2E755D8250 /* ExerciseStore.swift in Sources */ = {isa = PBXBuildFile; fileRef = 3BACC664F47A3482BB8DF3E2 /* ExerciseStore.swift */; };
		6838C4C6227D6552E012264A /* ExerciseStore.swift in Sources */ = {isa = PBXBuildFile; fileRef = 3BACC664F47A3482BB8DF3E2 /* ExerciseStore.swift */; };
		6B36245124C8F072E38A1EA7 /* DataBackup.swift in Sources */ = {isa = PBXBuildFile; fileRef = 6D83272195D5CCF08E520BBB /* DataBackup.swift */; };
		764617938C17F11A60EF38DE /* ExerciseDefinition.swift in Sources */ = {isa = PBXBuildFile; fileRef = D43F27BDA3EF8AE3E377ADB1 /* ExerciseDefinition.swift */; };
		7701936334941EC3173AB707 /* LiftWatchBackupDocument.swift in Sources */ = {isa = PBXBuildFile; fileRef = AA177C03D0AC4259F3BAD638 /* LiftWatchBackupDocument.swift */; };
		787E3C3C11A1A18B510431E0 /* WeightUnit.swift in Sources */ = {isa = PBXBuildFile; fileRef = B1F722CE4D736FE8412D0523 /* WeightUnit.swift */; };
		8001DA45AD73351D7999E564 /* AppSettings.swift in Sources */ = {isa = PBXBuildFile; fileRef = 45BCE463E1D527F13F0615AF /* AppSettings.swift */; };
		87EFAC209462ADD431BEBBB0 /* WeightliftingCatalog.swift in Sources */ = {isa = PBXBuildFile; fileRef = 29B001CD5F142F3952E9E878 /* WeightliftingCatalog.swift */; };
		896E7D3849690AF1E0A6C30E /* WatchAddExerciseView.swift in Sources */ = {isa = PBXBuildFile; fileRef = B23A365CBD598699053CC019 /* WatchAddExerciseView.swift */; };
		8D0859663F6ADB3177C705C0 /* WorkoutColors.swift in Sources */ = {isa = PBXBuildFile; fileRef = F053CD99A69E6DC1781FA4D4 /* WorkoutColors.swift */; };
		937ABAD7BBAABD10B2C72B58 /* AddExerciseView.swift in Sources */ = {isa = PBXBuildFile; fileRef = 42A0E640421262F9EFA82587 /* AddExerciseView.swift */; };
		992997FBDDECC642622BD752 /* SyncLevel+TintColor.swift in Sources */ = {isa = PBXBuildFile; fileRef = DB6455530A7C6E745851741C /* SyncLevel+TintColor.swift */; };
		9A8BCD9A69DB87446C4BA811 /* DataBackup.swift in Sources */ = {isa = PBXBuildFile; fileRef = 6D83272195D5CCF08E520BBB /* DataBackup.swift */; };
		9C152AFF769CFD7B7B449026 /* SyncLevel+TintColor.swift in Sources */ = {isa = PBXBuildFile; fileRef = DB6455530A7C6E745851741C /* SyncLevel+TintColor.swift */; };
		9D26EE24A4A5C98B904B49AE /* WatchSyncManager.swift in Sources */ = {isa = PBXBuildFile; fileRef = 81A0BD27D4D6EB2E3F5588D4 /* WatchSyncManager.swift */; };
		A12EDD27E841F17BA7BC9556 /* LiftWatchIOSApp.swift in Sources */ = {isa = PBXBuildFile; fileRef = 0C48D2234BF6963AD0BEDEC4 /* LiftWatchIOSApp.swift */; };
		A20F11B74C0363092DCC7FDE /* Assets.xcassets in Resources */ = {isa = PBXBuildFile; fileRef = 7788A37A51C9A3AFA1E8A6A4 /* Assets.xcassets */; };
		A461CCB06A19BF24DB4D754E /* WorkoutPlan.swift in Sources */ = {isa = PBXBuildFile; fileRef = 4726B82452EF67CDF8E7977C /* WorkoutPlan.swift */; };
		A567BD1B5A8D002EEE2CF4FB /* ExerciseSymbolTile.swift in Sources */ = {isa = PBXBuildFile; fileRef = A8CDB0F90D881CDAA52E620F /* ExerciseSymbolTile.swift */; };
		A7B1E3F70A33E114AFC91680 /* WorkoutSession.swift in Sources */ = {isa = PBXBuildFile; fileRef = DC8E2C61A1CC78C2662EE99F /* WorkoutSession.swift */; };
		B4828BA58876CA2F87B554FE /* LiftWatchWatchApp.swift in Sources */ = {isa = PBXBuildFile; fileRef = BA18AD2F1065821CD21A43EB /* LiftWatchWatchApp.swift */; };
		C6E64D989FA7F368F536A74E /* ExerciseLogSummaryFormatter.swift in Sources */ = {isa = PBXBuildFile; fileRef = 17CC8458AA8A4C54A3B93878 /* ExerciseLogSummaryFormatter.swift */; };
		D029B91E82E78E7C8AA15F10 /* ExerciseLogSummaryFormatter.swift in Sources */ = {isa = PBXBuildFile; fileRef = 17CC8458AA8A4C54A3B93878 /* ExerciseLogSummaryFormatter.swift */; };
		D093289AB028B4F585D9B1A4 /* IOSHistoryView.swift in Sources */ = {isa = PBXBuildFile; fileRef = 0145665A5D8A79CEDF05D2E3 /* IOSHistoryView.swift */; };
		D6498AD9FC3BB345F7D71878 /* WorkoutPlan.swift in Sources */ = {isa = PBXBuildFile; fileRef = 4726B82452EF67CDF8E7977C /* WorkoutPlan.swift */; };
		E05A2A179437605039BFD3C2 /* Assets.xcassets in Resources */ = {isa = PBXBuildFile; fileRef = EB0ABE34849D05FB233168E9 /* Assets.xcassets */; };
		EA240458687E3302D2DA4331 /* WorkoutSession.swift in Sources */ = {isa = PBXBuildFile; fileRef = DC8E2C61A1CC78C2662EE99F /* WorkoutSession.swift */; };
		EF0507AFAB1B569F7AE3EC33 /* LiftWatchWatchExtension.appex in Embed Foundation Extensions */ = {isa = PBXBuildFile; fileRef = A617DDC7BE2C6042BEFAE2D4 /* LiftWatchWatchExtension.appex */; settings = {ATTRIBUTES = (RemoveHeadersOnCopy, ); }; };
		F355319FFEA44815818AF85C /* ProgressiveOverloadEntry.swift in Sources */ = {isa = PBXBuildFile; fileRef = ADA038567F278407D2F2FAAA /* ProgressiveOverloadEntry.swift */; };
		F4D241E3D24A4819B4BA8120 /* IOSContentView.swift in Sources */ = {isa = PBXBuildFile; fileRef = F18C31130C3C332114B9560F /* IOSContentView.swift */; };
		F705F83A1049EFFC0C1D3774 /* ExerciseDefinition.swift in Sources */ = {isa = PBXBuildFile; fileRef = D43F27BDA3EF8AE3E377ADB1 /* ExerciseDefinition.swift */; };
		F974EE15BD592B97E5399251 /* WorkoutColors.swift in Sources */ = {isa = PBXBuildFile; fileRef = F053CD99A69E6DC1781FA4D4 /* WorkoutColors.swift */; };
		FD1EB23FF8514CC25C6B64CD /* IOSTabView.swift in Sources */ = {isa = PBXBuildFile; fileRef = C2BEAEEA06320E1C34051A7C /* IOSTabView.swift */; };
/* End PBXBuildFile section */

/* Begin PBXContainerItemProxy section */
		3A0651C2ED10BA9488A16EAD /* PBXContainerItemProxy */ = {
			isa = PBXContainerItemProxy;
			containerPortal = F980602E91E79D1B442BB54C /* Project object */;
			proxyType = 1;
			remoteGlobalIDString = B29A76694206C9D88AF33B6D;
			remoteInfo = LiftWatchWatchApp;
		};
		4C4A76827BCB5D7BAFA0087A /* PBXContainerItemProxy */ = {
			isa = PBXContainerItemProxy;
			containerPortal = F980602E91E79D1B442BB54C /* Project object */;
			proxyType = 1;
			remoteGlobalIDString = CD196D4096B1A84F7E808979;
			remoteInfo = LiftWatchIOS;
		};
		85E3D596BE28F6D38A42B5CE /* PBXContainerItemProxy */ = {
			isa = PBXContainerItemProxy;
			containerPortal = F980602E91E79D1B442BB54C /* Project object */;
			proxyType = 1;
			remoteGlobalIDString = F588CB738CF674968659B227;
			remoteInfo = LiftWatchWatchExtension;
		};
/* End PBXContainerItemProxy section */

/* Begin PBXCopyFilesBuildPhase section */
		502F420DFDCA43B02412F893 /* Embed Foundation Extensions */ = {
			isa = PBXCopyFilesBuildPhase;
			buildActionMask = 2147483647;
			dstPath = "";
			dstSubfolderSpec = 13;
			files = (
				EF0507AFAB1B569F7AE3EC33 /* LiftWatchWatchExtension.appex in Embed Foundation Extensions */,
			);
			name = "Embed Foundation Extensions";
			runOnlyForDeploymentPostprocessing = 0;
		};
		851B57A50020D17DF6AD1700 /* Embed Watch Content */ = {
			isa = PBXCopyFilesBuildPhase;
			buildActionMask = 2147483647;
			dstPath = "$(CONTENTS_FOLDER_PATH)/Watch";
			dstSubfolderSpec = 16;
			files = (
				0D1148A4C18BDAD9D9DFBBB8 /* LiftWatchWatchApp.app in Embed Watch Content */,
			);
			name = "Embed Watch Content";
			runOnlyForDeploymentPostprocessing = 0;
		};
/* End PBXCopyFilesBuildPhase section */

/* Begin PBXFileReference section */
		0145665A5D8A79CEDF05D2E3 /* IOSHistoryView.swift */ = {isa = PBXFileReference; lastKnownFileType = sourcecode.swift; path = IOSHistoryView.swift; sourceTree = "<group>"; };
		0C48D2234BF6963AD0BEDEC4 /* LiftWatchIOSApp.swift */ = {isa = PBXFileReference; lastKnownFileType = sourcecode.swift; path = LiftWatchIOSApp.swift; sourceTree = "<group>"; };
		128E3A25D20F597F4F35587F /* LiftWatchPanel.swift */ = {isa = PBXFileReference; lastKnownFileType = sourcecode.swift; path = LiftWatchPanel.swift; sourceTree = "<group>"; };
		17CC8458AA8A4C54A3B93878 /* ExerciseLogSummaryFormatter.swift */ = {isa = PBXFileReference; lastKnownFileType = sourcecode.swift; path = ExerciseLogSummaryFormatter.swift; sourceTree = "<group>"; };
		29B001CD5F142F3952E9E878 /* WeightliftingCatalog.swift */ = {isa = PBXFileReference; lastKnownFileType = sourcecode.swift; path = WeightliftingCatalog.swift; sourceTree = "<group>"; };
		3429DB8D8287E347D7CFDAA9 /* IOSPlanView.swift */ = {isa = PBXFileReference; lastKnownFileType = sourcecode.swift; path = IOSPlanView.swift; sourceTree = "<group>"; };
		3BACC664F47A3482BB8DF3E2 /* ExerciseStore.swift */ = {isa = PBXFileReference; lastKnownFileType = sourcecode.swift; path = ExerciseStore.swift; sourceTree = "<group>"; };
		3C7D113116A50BA0EB61D537 /* IOSSettingsView.swift */ = {isa = PBXFileReference; lastKnownFileType = sourcecode.swift; path = IOSSettingsView.swift; sourceTree = "<group>"; };
		42A0E640421262F9EFA82587 /* AddExerciseView.swift */ = {isa = PBXFileReference; lastKnownFileType = sourcecode.swift; path = AddExerciseView.swift; sourceTree = "<group>"; };
		437120F8F55EE38EB36BD62F /* WatchContentView.swift */ = {isa = PBXFileReference; lastKnownFileType = sourcecode.swift; path = WatchContentView.swift; sourceTree = "<group>"; };
		45BCE463E1D527F13F0615AF /* AppSettings.swift */ = {isa = PBXFileReference; lastKnownFileType = sourcecode.swift; path = AppSettings.swift; sourceTree = "<group>"; };
		4726B82452EF67CDF8E7977C /* WorkoutPlan.swift */ = {isa = PBXFileReference; lastKnownFileType = sourcecode.swift; path = WorkoutPlan.swift; sourceTree = "<group>"; };
		4799A26FFFFF7DF32EEC6D97 /* IOSExerciseLibraryView.swift */ = {isa = PBXFileReference; lastKnownFileType = sourcecode.swift; path = IOSExerciseLibraryView.swift; sourceTree = "<group>"; };
		4B84668B064FD309D601C9B4 /* CloudSyncManager.swift */ = {isa = PBXFileReference; lastKnownFileType = sourcecode.swift; path = CloudSyncManager.swift; sourceTree = "<group>"; };
		5A97AC26979A80FAD6756D66 /* BackupSchemaTests.swift */ = {isa = PBXFileReference; lastKnownFileType = sourcecode.swift; path = BackupSchemaTests.swift; sourceTree = "<group>"; };
		6D83272195D5CCF08E520BBB /* DataBackup.swift */ = {isa = PBXFileReference; lastKnownFileType = sourcecode.swift; path = DataBackup.swift; sourceTree = "<group>"; };
		728ACC8B310BFE8A33055AAC /* ExerciseLog.swift */ = {isa = PBXFileReference; lastKnownFileType = sourcecode.swift; path = ExerciseLog.swift; sourceTree = "<group>"; };
		7788A37A51C9A3AFA1E8A6A4 /* Assets.xcassets */ = {isa = PBXFileReference; lastKnownFileType = folder.assetcatalog; path = Assets.xcassets; sourceTree = "<group>"; };
		81A0BD27D4D6EB2E3F5588D4 /* WatchSyncManager.swift */ = {isa = PBXFileReference; lastKnownFileType = sourcecode.swift; path = WatchSyncManager.swift; sourceTree = "<group>"; };
		8430C873B9EBC9D14A61AA15 /* SymbolLibrary.swift */ = {isa = PBXFileReference; lastKnownFileType = sourcecode.swift; path = SymbolLibrary.swift; sourceTree = "<group>"; };
		964B8E1686D27530410B59DF /* ExerciseNamingTests.swift */ = {isa = PBXFileReference; lastKnownFileType = sourcecode.swift; path = ExerciseNamingTests.swift; sourceTree = "<group>"; };
		98530B59666E634BAEF8828F /* LiftWatchWatchApp.app */ = {isa = PBXFileReference; explicitFileType = wrapper.application; includeInIndex = 0; path = LiftWatchWatchApp.app; sourceTree = BUILT_PRODUCTS_DIR; };
		99CDD37A08A635780447FC38 /* IOSWorkoutSimilarityView.swift */ = {isa = PBXFileReference; lastKnownFileType = sourcecode.swift; path = IOSWorkoutSimilarityView.swift; sourceTree = "<group>"; };
		A617DDC7BE2C6042BEFAE2D4 /* LiftWatchWatchExtension.appex */ = {isa = PBXFileReference; explicitFileType = "wrapper.app-extension"; includeInIndex = 0; path = LiftWatchWatchExtension.appex; sourceTree = BUILT_PRODUCTS_DIR; };
		A8CDB0F90D881CDAA52E620F /* ExerciseSymbolTile.swift */ = {isa = PBXFileReference; lastKnownFileType = sourcecode.swift; path = ExerciseSymbolTile.swift; sourceTree = "<group>"; };
		AA177C03D0AC4259F3BAD638 /* LiftWatchBackupDocument.swift */ = {isa = PBXFileReference; lastKnownFileType = sourcecode.swift; path = LiftWatchBackupDocument.swift; sourceTree = "<group>"; };
		ACFAA66A59F0B64ADA0AD4A6 /* LiftWatchIOS.app */ = {isa = PBXFileReference; includeInIndex = 0; lastKnownFileType = wrapper.application; path = LiftWatchIOS.app; sourceTree = BUILT_PRODUCTS_DIR; };
		ADA038567F278407D2F2FAAA /* ProgressiveOverloadEntry.swift */ = {isa = PBXFileReference; lastKnownFileType = sourcecode.swift; path = ProgressiveOverloadEntry.swift; sourceTree = "<group>"; };
		AF465B546A1AA52A42B47508 /* LiftWatchTheme.swift */ = {isa = PBXFileReference; lastKnownFileType = sourcecode.swift; path = LiftWatchTheme.swift; sourceTree = "<group>"; };
		B1F722CE4D736FE8412D0523 /* WeightUnit.swift */ = {isa = PBXFileReference; lastKnownFileType = sourcecode.swift; path = WeightUnit.swift; sourceTree = "<group>"; };
		B23A365CBD598699053CC019 /* WatchAddExerciseView.swift */ = {isa = PBXFileReference; lastKnownFileType = sourcecode.swift; path = WatchAddExerciseView.swift; sourceTree = "<group>"; };
		BA18AD2F1065821CD21A43EB /* LiftWatchWatchApp.swift */ = {isa = PBXFileReference; lastKnownFileType = sourcecode.swift; path = LiftWatchWatchApp.swift; sourceTree = "<group>"; };
		C122DD11C5CCB59383E9497A /* ExerciseNaming.swift */ = {isa = PBXFileReference; lastKnownFileType = sourcecode.swift; path = ExerciseNaming.swift; sourceTree = "<group>"; };
		C2BEAEEA06320E1C34051A7C /* IOSTabView.swift */ = {isa = PBXFileReference; lastKnownFileType = sourcecode.swift; path = IOSTabView.swift; sourceTree = "<group>"; };
		D43F27BDA3EF8AE3E377ADB1 /* ExerciseDefinition.swift */ = {isa = PBXFileReference; lastKnownFileType = sourcecode.swift; path = ExerciseDefinition.swift; sourceTree = "<group>"; };
		DB6455530A7C6E745851741C /* SyncLevel+TintColor.swift */ = {isa = PBXFileReference; lastKnownFileType = sourcecode.swift; path = "SyncLevel+TintColor.swift"; sourceTree = "<group>"; };
		DC8E2C61A1CC78C2662EE99F /* WorkoutSession.swift */ = {isa = PBXFileReference; lastKnownFileType = sourcecode.swift; path = WorkoutSession.swift; sourceTree = "<group>"; };
		EB0ABE34849D05FB233168E9 /* Assets.xcassets */ = {isa = PBXFileReference; lastKnownFileType = folder.assetcatalog; path = Assets.xcassets; sourceTree = "<group>"; };
		F053CD99A69E6DC1781FA4D4 /* WorkoutColors.swift */ = {isa = PBXFileReference; lastKnownFileType = sourcecode.swift; path = WorkoutColors.swift; sourceTree = "<group>"; };
		F18C31130C3C332114B9560F /* IOSContentView.swift */ = {isa = PBXFileReference; lastKnownFileType = sourcecode.swift; path = IOSContentView.swift; sourceTree = "<group>"; };
		F250F7EE406F4C1694D6057D /* LiftWatchTests.xctest */ = {isa = PBXFileReference; includeInIndex = 0; lastKnownFileType = wrapper.cfbundle; path = LiftWatchTests.xctest; sourceTree = BUILT_PRODUCTS_DIR; };
/* End PBXFileReference section */

/* Begin PBXGroup section */
		1B64923FDF8199791C07AE94 /* Plan */ = {
			isa = PBXGroup;
			children = (
				3429DB8D8287E347D7CFDAA9 /* IOSPlanView.swift */,
			);
			path = Plan;
			sourceTree = "<group>";
		};
		258A1BA9DE5AA3ED4418AAA9 /* Templates */ = {
			isa = PBXGroup;
			children = (
				A8CDB0F90D881CDAA52E620F /* ExerciseSymbolTile.swift */,
				128E3A25D20F597F4F35587F /* LiftWatchPanel.swift */,
			);
			path = Templates;
			sourceTree = "<group>";
		};
		25E55F76866A34FEC7509AD5 /* Support */ = {
			isa = PBXGroup;
			children = (
				AA177C03D0AC4259F3BAD638 /* LiftWatchBackupDocument.swift */,
			);
			path = Support;
			sourceTree = "<group>";
		};
		3CD9795E8885C1820DA0F0AB /* Shared */ = {
			isa = PBXGroup;
			children = (
				BB6A4A2BD3DCFE2955A81320 /* Catalog */,
				AA3EB6715C747E792F5B4D92 /* Formatting */,
				D71196090B61A8AD431CA826 /* Models */,
				B3B1E3E8746174F7EFF46D41 /* Services */,
				5F7C875164A1A154B72B7FA7 /* Store */,
				B08965ABB500953CAF02DC73 /* Utilities */,
			);
			path = Shared;
			sourceTree = "<group>";
		};
		503B31594DF86FFCFBE266DD /* Root */ = {
			isa = PBXGroup;
			children = (
				C2BEAEEA06320E1C34051A7C /* IOSTabView.swift */,
			);
			path = Root;
			sourceTree = "<group>";
		};
		5EBBA8555D030933FFACF877 /* Main */ = {
			isa = PBXGroup;
			children = (
				F18C31130C3C332114B9560F /* IOSContentView.swift */,
			);
			path = Main;
			sourceTree = "<group>";
		};
		5EBE033EE27BC64C9876A9E7 /* iOS */ = {
			isa = PBXGroup;
			children = (
				7788A37A51C9A3AFA1E8A6A4 /* Assets.xcassets */,
				DB425FE29ADA0FBE479B5ADC /* App */,
				25E55F76866A34FEC7509AD5 /* Support */,
				A60FF9D7500910BA5DAB469F /* UI */,
				860BB9A40C735DA8C79C9184 /* Views */,
			);
			path = iOS;
			sourceTree = "<group>";
		};
		5F7C875164A1A154B72B7FA7 /* Store */ = {
			isa = PBXGroup;
			children = (
				3BACC664F47A3482BB8DF3E2 /* ExerciseStore.swift */,
			);
			path = Store;
			sourceTree = "<group>";
		};
		76F1A7925989030055AF4F69 /* Views */ = {
			isa = PBXGroup;
			children = (
				B23A365CBD598699053CC019 /* WatchAddExerciseView.swift */,
				437120F8F55EE38EB36BD62F /* WatchContentView.swift */,
			);
			path = Views;
			sourceTree = "<group>";
		};
		823A464B36FF59E17C2871F8 = {
			isa = PBXGroup;
			children = (
				5EBE033EE27BC64C9876A9E7 /* iOS */,
				3CD9795E8885C1820DA0F0AB /* Shared */,
				D091E59598808574BADABEB5 /* Tests */,
				BDC4D17C1998C29910534522 /* Watch */,
				BFE8E20188C654C7828BC1C3 /* Products */,
			);
			sourceTree = "<group>";
		};
		860BB9A40C735DA8C79C9184 /* Views */ = {
			isa = PBXGroup;
			children = (
				9647B74BE4F3F66048A907DE /* Add */,
				BFCFC3CAE16CD81762B3BAD0 /* History */,
				C3DEAC67FCEE56F184E62B48 /* Library */,
				5EBBA8555D030933FFACF877 /* Main */,
				1B64923FDF8199791C07AE94 /* Plan */,
				503B31594DF86FFCFBE266DD /* Root */,
				E534DC7928E52A2FE8C40D00 /* Settings */,
			);
			path = Views;
			sourceTree = "<group>";
		};
		93AFFD5AD6B3E13CA3CD9083 /* Unit */ = {
			isa = PBXGroup;
			children = (
				5A97AC26979A80FAD6756D66 /* BackupSchemaTests.swift */,
				964B8E1686D27530410B59DF /* ExerciseNamingTests.swift */,
			);
			path = Unit;
			sourceTree = "<group>";
		};
		9647B74BE4F3F66048A907DE /* Add */ = {
			isa = PBXGroup;
			children = (
				42A0E640421262F9EFA82587 /* AddExerciseView.swift */,
			);
			path = Add;
			sourceTree = "<group>";
		};
		A35E76563E518F66B162745F /* Backup */ = {
			isa = PBXGroup;
			children = (
				6D83272195D5CCF08E520BBB /* DataBackup.swift */,
			);
			path = Backup;
			sourceTree = "<group>";
		};
		A60FF9D7500910BA5DAB469F /* UI */ = {
			isa = PBXGroup;
			children = (
				AF465B546A1AA52A42B47508 /* LiftWatchTheme.swift */,
				258A1BA9DE5AA3ED4418AAA9 /* Templates */,
			);
			path = UI;
			sourceTree = "<group>";
		};
		A67EAD577BA4A20A5A8CBB5C /* Sync */ = {
			isa = PBXGroup;
			children = (
				4B84668B064FD309D601C9B4 /* CloudSyncManager.swift */,
				81A0BD27D4D6EB2E3F5588D4 /* WatchSyncManager.swift */,
			);
			path = Sync;
			sourceTree = "<group>";
		};
		AA3EB6715C747E792F5B4D92 /* Formatting */ = {
			isa = PBXGroup;
			children = (
				17CC8458AA8A4C54A3B93878 /* ExerciseLogSummaryFormatter.swift */,
			);
			path = Formatting;
			sourceTree = "<group>";
		};
		B08965ABB500953CAF02DC73 /* Utilities */ = {
			isa = PBXGroup;
			children = (
				C122DD11C5CCB59383E9497A /* ExerciseNaming.swift */,
				DB6455530A7C6E745851741C /* SyncLevel+TintColor.swift */,
			);
			path = Utilities;
			sourceTree = "<group>";
		};
		B3B1E3E8746174F7EFF46D41 /* Services */ = {
			isa = PBXGroup;
			children = (
				A35E76563E518F66B162745F /* Backup */,
				A67EAD577BA4A20A5A8CBB5C /* Sync */,
			);
			path = Services;
			sourceTree = "<group>";
		};
		B8254EF378AD9D199BFC3861 /* App */ = {
			isa = PBXGroup;
			children = (
				BA18AD2F1065821CD21A43EB /* LiftWatchWatchApp.swift */,
			);
			path = App;
			sourceTree = "<group>";
		};
		BB6A4A2BD3DCFE2955A81320 /* Catalog */ = {
			isa = PBXGroup;
			children = (
				8430C873B9EBC9D14A61AA15 /* SymbolLibrary.swift */,
				29B001CD5F142F3952E9E878 /* WeightliftingCatalog.swift */,
				F053CD99A69E6DC1781FA4D4 /* WorkoutColors.swift */,
			);
			path = Catalog;
			sourceTree = "<group>";
		};
		BDC4D17C1998C29910534522 /* Watch */ = {
			isa = PBXGroup;
			children = (
				EB0ABE34849D05FB233168E9 /* Assets.xcassets */,
				B8254EF378AD9D199BFC3861 /* App */,
				76F1A7925989030055AF4F69 /* Views */,
			);
			path = Watch;
			sourceTree = "<group>";
		};
		BFCFC3CAE16CD81762B3BAD0 /* History */ = {
			isa = PBXGroup;
			children = (
				0145665A5D8A79CEDF05D2E3 /* IOSHistoryView.swift */,
			);
			path = History;
			sourceTree = "<group>";
		};
		BFE8E20188C654C7828BC1C3 /* Products */ = {
			isa = PBXGroup;
			children = (
				ACFAA66A59F0B64ADA0AD4A6 /* LiftWatchIOS.app */,
				F250F7EE406F4C1694D6057D /* LiftWatchTests.xctest */,
				98530B59666E634BAEF8828F /* LiftWatchWatchApp.app */,
				A617DDC7BE2C6042BEFAE2D4 /* LiftWatchWatchExtension.appex */,
			);
			name = Products;
			sourceTree = "<group>";
		};
		C3DEAC67FCEE56F184E62B48 /* Library */ = {
			isa = PBXGroup;
			children = (
				4799A26FFFFF7DF32EEC6D97 /* IOSExerciseLibraryView.swift */,
				99CDD37A08A635780447FC38 /* IOSWorkoutSimilarityView.swift */,
			);
			path = Library;
			sourceTree = "<group>";
		};
		D091E59598808574BADABEB5 /* Tests */ = {
			isa = PBXGroup;
			children = (
				93AFFD5AD6B3E13CA3CD9083 /* Unit */,
			);
			path = Tests;
			sourceTree = "<group>";
		};
		D71196090B61A8AD431CA826 /* Models */ = {
			isa = PBXGroup;
			children = (
				45BCE463E1D527F13F0615AF /* AppSettings.swift */,
				D43F27BDA3EF8AE3E377ADB1 /* ExerciseDefinition.swift */,
				728ACC8B310BFE8A33055AAC /* ExerciseLog.swift */,
				ADA038567F278407D2F2FAAA /* ProgressiveOverloadEntry.swift */,
				B1F722CE4D736FE8412D0523 /* WeightUnit.swift */,
				4726B82452EF67CDF8E7977C /* WorkoutPlan.swift */,
				DC8E2C61A1CC78C2662EE99F /* WorkoutSession.swift */,
			);
			path = Models;
			sourceTree = "<group>";
		};
		DB425FE29ADA0FBE479B5ADC /* App */ = {
			isa = PBXGroup;
			children = (
				0C48D2234BF6963AD0BEDEC4 /* LiftWatchIOSApp.swift */,
			);
			path = App;
			sourceTree = "<group>";
		};
		E534DC7928E52A2FE8C40D00 /* Settings */ = {
			isa = PBXGroup;
			children = (
				3C7D113116A50BA0EB61D537 /* IOSSettingsView.swift */,
			);
			path = Settings;
			sourceTree = "<group>";
		};
/* End PBXGroup section */

/* Begin PBXNativeTarget section */
		B29A76694206C9D88AF33B6D /* LiftWatchWatchApp */ = {
			isa = PBXNativeTarget;
			buildConfigurationList = 9DB6DC3BF0B13FDCEF20B653 /* Build configuration list for PBXNativeTarget "LiftWatchWatchApp" */;
			buildPhases = (
				67D2B191EBA6C05DA81B9BFA /* Resources */,
				502F420DFDCA43B02412F893 /* Embed Foundation Extensions */,
			);
			buildRules = (
			);
			dependencies = (
				4B72C5C19E20D8DB341DB740 /* PBXTargetDependency */,
			);
			name = LiftWatchWatchApp;
			packageProductDependencies = (
			);
			productName = LiftWatchWatchApp;
			productReference = 98530B59666E634BAEF8828F /* LiftWatchWatchApp.app */;
			productType = "com.apple.product-type.application.watchapp2";
		};
		CD196D4096B1A84F7E808979 /* LiftWatchIOS */ = {
			isa = PBXNativeTarget;
			buildConfigurationList = F27438B6EF4EC0391563BA70 /* Build configuration list for PBXNativeTarget "LiftWatchIOS" */;
			buildPhases = (
				01470545F6A601D8D9F128E0 /* Sources */,
				8D5A68579D1E5D6943D5AFBF /* Resources */,
				851B57A50020D17DF6AD1700 /* Embed Watch Content */,
			);
			buildRules = (
			);
			dependencies = (
				D2CFC697DF158B97673A5812 /* PBXTargetDependency */,
			);
			name = LiftWatchIOS;
			packageProductDependencies = (
			);
			productName = LiftWatchIOS;
			productReference = ACFAA66A59F0B64ADA0AD4A6 /* LiftWatchIOS.app */;
			productType = "com.apple.product-type.application";
		};
		DC1CB6519C6B978674B5BAAE /* LiftWatchTests */ = {
			isa = PBXNativeTarget;
			buildConfigurationList = 3F051A34118B071D9CA6E075 /* Build configuration list for PBXNativeTarget "LiftWatchTests" */;
			buildPhases = (
				91A6EEC6E94E597D2C5C8F9F /* Sources */,
			);
			buildRules = (
			);
			dependencies = (
				30D3BE373C2EE2824DAC853C /* PBXTargetDependency */,
			);
			name = LiftWatchTests;
			packageProductDependencies = (
			);
			productName = LiftWatchTests;
			productReference = F250F7EE406F4C1694D6057D /* LiftWatchTests.xctest */;
			productType = "com.apple.product-type.bundle.unit-test";
		};
		F588CB738CF674968659B227 /* LiftWatchWatchExtension */ = {
			isa = PBXNativeTarget;
			buildConfigurationList = 26995CDB2D750BDB707B106A /* Build configuration list for PBXNativeTarget "LiftWatchWatchExtension" */;
			buildPhases = (
				A6E114FCADC9CD84B01133F7 /* Sources */,
			);
			buildRules = (
			);
			dependencies = (
			);
			name = LiftWatchWatchExtension;
			packageProductDependencies = (
			);
			productName = LiftWatchWatchExtension;
			productReference = A617DDC7BE2C6042BEFAE2D4 /* LiftWatchWatchExtension.appex */;
			productType = "com.apple.product-type.watchkit2-extension";
		};
/* End PBXNativeTarget section */

/* Begin PBXProject section */
		F980602E91E79D1B442BB54C /* Project object */ = {
			isa = PBXProject;
			attributes = {
				BuildIndependentTargetsInParallel = YES;
				LastUpgradeCheck = 1430;
			};
			buildConfigurationList = 1A5216FA1EAA44584F8FECC9 /* Build configuration list for PBXProject "LiftWatch" */;
			compatibilityVersion = "Xcode 14.0";
			developmentRegion = en;
			hasScannedForEncodings = 0;
			knownRegions = (
				Base,
				en,
			);
			mainGroup = 823A464B36FF59E17C2871F8;
			minimizedProjectReferenceProxies = 1;
			preferredProjectObjectVersion = 77;
			projectDirPath = "";
			projectRoot = "";
			targets = (
				CD196D4096B1A84F7E808979 /* LiftWatchIOS */,
				DC1CB6519C6B978674B5BAAE /* LiftWatchTests */,
				B29A76694206C9D88AF33B6D /* LiftWatchWatchApp */,
				F588CB738CF674968659B227 /* LiftWatchWatchExtension */,
			);
		};
/* End PBXProject section */

/* Begin PBXResourcesBuildPhase section */
		67D2B191EBA6C05DA81B9BFA /* Resources */ = {
			isa = PBXResourcesBuildPhase;
			buildActionMask = 2147483647;
			files = (
				E05A2A179437605039BFD3C2 /* Assets.xcassets in Resources */,
			);
			runOnlyForDeploymentPostprocessing = 0;
		};
		8D5A68579D1E5D6943D5AFBF /* Resources */ = {
			isa = PBXResourcesBuildPhase;
			buildActionMask = 2147483647;
			files = (
				A20F11B74C0363092DCC7FDE /* Assets.xcassets in Resources */,
			);
			runOnlyForDeploymentPostprocessing = 0;
		};
/* End PBXResourcesBuildPhase section */

/* Begin PBXSourcesBuildPhase section */
		01470545F6A601D8D9F128E0 /* Sources */ = {
			isa = PBXSourcesBuildPhase;
			buildActionMask = 2147483647;
			files = (
				937ABAD7BBAABD10B2C72B58 /* AddExerciseView.swift in Sources */,
				8001DA45AD73351D7999E564 /* AppSettings.swift in Sources */,
				5F36E547C4BEC592811F61C0 /* CloudSyncManager.swift in Sources */,
				9A8BCD9A69DB87446C4BA811 /* DataBackup.swift in Sources */,
				F705F83A1049EFFC0C1D3774 /* ExerciseDefinition.swift in Sources */,
				1AE44C0AFF2F5CCC5FBE2140 /* ExerciseLog.swift in Sources */,
				D029B91E82E78E7C8AA15F10 /* ExerciseLogSummaryFormatter.swift in Sources */,
				4FCF5DC48122C4F086AC475C /* ExerciseNaming.swift in Sources */,
				62D6C31CA7A6CD2E755D8250 /* ExerciseStore.swift in Sources */,
				A567BD1B5A8D002EEE2CF4FB /* ExerciseSymbolTile.swift in Sources */,
				F4D241E3D24A4819B4BA8120 /* IOSContentView.swift in Sources */,
				4D16D53F45315918FB6BBD7E /* IOSExerciseLibraryView.swift in Sources */,
				D093289AB028B4F585D9B1A4 /* IOSHistoryView.swift in Sources */,
				36CDBDC87625EB69A6D5B919 /* IOSPlanView.swift in Sources */,
				1DDA0C985E06D3ADEB59AB5D /* IOSSettingsView.swift in Sources */,
				FD1EB23FF8514CC25C6B64CD /* IOSTabView.swift in Sources */,
				063AB443952FB9982F356D28 /* IOSWorkoutSimilarityView.swift in Sources */,
				7701936334941EC3173AB707 /* LiftWatchBackupDocument.swift in Sources */,
				A12EDD27E841F17BA7BC9556 /* LiftWatchIOSApp.swift in Sources */,
				5036B906EB1A4983D0D79B61 /* LiftWatchPanel.swift in Sources */,
				1B61E2603480C756DFF4EBFF /* LiftWatchTheme.swift in Sources */,
				F355319FFEA44815818AF85C /* ProgressiveOverloadEntry.swift in Sources */,
				5F8203881B9F19B7C4F606F3 /* SymbolLibrary.swift in Sources */,
				992997FBDDECC642622BD752 /* SyncLevel+TintColor.swift in Sources */,
				9D26EE24A4A5C98B904B49AE /* WatchSyncManager.swift in Sources */,
				787E3C3C11A1A18B510431E0 /* WeightUnit.swift in Sources */,
				024796EBF8A5D5D67840C3A5 /* WeightliftingCatalog.swift in Sources */,
				8D0859663F6ADB3177C705C0 /* WorkoutColors.swift in Sources */,
				A461CCB06A19BF24DB4D754E /* WorkoutPlan.swift in Sources */,
				A7B1E3F70A33E114AFC91680 /* WorkoutSession.swift in Sources */,
			);
			runOnlyForDeploymentPostprocessing = 0;
		};
		91A6EEC6E94E597D2C5C8F9F /* Sources */ = {
			isa = PBXSourcesBuildPhase;
			buildActionMask = 2147483647;
			files = (
				61479F3CF71FF0560FC2A5F0 /* BackupSchemaTests.swift in Sources */,
				130A09FB98B9D3C02DF5BE37 /* ExerciseNamingTests.swift in Sources */,
			);
			runOnlyForDeploymentPostprocessing = 0;
		};
		A6E114FCADC9CD84B01133F7 /* Sources */ = {
			isa = PBXSourcesBuildPhase;
			buildActionMask = 2147483647;
			files = (
				5E13154507189EF2F6C07CD0 /* AppSettings.swift in Sources */,
				6B36245124C8F072E38A1EA7 /* DataBackup.swift in Sources */,
				764617938C17F11A60EF38DE /* ExerciseDefinition.swift in Sources */,
				6280921CB0A5834DB9FEB6F1 /* ExerciseLog.swift in Sources */,
				C6E64D989FA7F368F536A74E /* ExerciseLogSummaryFormatter.swift in Sources */,
				515E05B5FD5B8076B0651696 /* ExerciseNaming.swift in Sources */,
				6838C4C6227D6552E012264A /* ExerciseStore.swift in Sources */,
				B4828BA58876CA2F87B554FE /* LiftWatchWatchApp.swift in Sources */,
				475CB43BC769993BEB7CDF4A /* ProgressiveOverloadEntry.swift in Sources */,
				0E6B3F7E8591F208FF34ECEB /* SymbolLibrary.swift in Sources */,
				9C152AFF769CFD7B7B449026 /* SyncLevel+TintColor.swift in Sources */,
				896E7D3849690AF1E0A6C30E /* WatchAddExerciseView.swift in Sources */,
				330A36006E70CB654BFEF550 /* WatchContentView.swift in Sources */,
				20CF6FE87C8BBB5851418245 /* WatchSyncManager.swift in Sources */,
				5FD91C1337B340C635CDD616 /* WeightUnit.swift in Sources */,
				87EFAC209462ADD431BEBBB0 /* WeightliftingCatalog.swift in Sources */,
				F974EE15BD592B97E5399251 /* WorkoutColors.swift in Sources */,
				D6498AD9FC3BB345F7D71878 /* WorkoutPlan.swift in Sources */,
				EA240458687E3302D2DA4331 /* WorkoutSession.swift in Sources */,
			);
			runOnlyForDeploymentPostprocessing = 0;
		};
/* End PBXSourcesBuildPhase section */

/* Begin PBXTargetDependency section */
		30D3BE373C2EE2824DAC853C /* PBXTargetDependency */ = {
			isa = PBXTargetDependency;
			target = CD196D4096B1A84F7E808979 /* LiftWatchIOS */;
			targetProxy = 4C4A76827BCB5D7BAFA0087A /* PBXContainerItemProxy */;
		};
		4B72C5C19E20D8DB341DB740 /* PBXTargetDependency */ = {
			isa = PBXTargetDependency;
			target = F588CB738CF674968659B227 /* LiftWatchWatchExtension */;
			targetProxy = 85E3D596BE28F6D38A42B5CE /* PBXContainerItemProxy */;
		};
		D2CFC697DF158B97673A5812 /* PBXTargetDependency */ = {
			isa = PBXTargetDependency;
			target = B29A76694206C9D88AF33B6D /* LiftWatchWatchApp */;
			targetProxy = 3A0651C2ED10BA9488A16EAD /* PBXContainerItemProxy */;
		};
/* End PBXTargetDependency section */

/* Begin XCBuildConfiguration section */
		04C3C707FA8FFF07DF1EF6F5 /* Release */ = {
			isa = XCBuildConfiguration;
			buildSettings = {
				ALWAYS_SEARCH_USER_PATHS = NO;
				CLANG_ANALYZER_NONNULL = YES;
				CLANG_ANALYZER_NUMBER_OBJECT_CONVERSION = YES_AGGRESSIVE;
				CLANG_CXX_LANGUAGE_STANDARD = "gnu++14";
				CLANG_CXX_LIBRARY = "libc++";
				CLANG_ENABLE_MODULES = YES;
				CLANG_ENABLE_OBJC_ARC = YES;
				CLANG_ENABLE_OBJC_WEAK = YES;
				CLANG_WARN_BLOCK_CAPTURE_AUTORELEASING = YES;
				CLANG_WARN_BOOL_CONVERSION = YES;
				CLANG_WARN_COMMA = YES;
				CLANG_WARN_CONSTANT_CONVERSION = YES;
				CLANG_WARN_DEPRECATED_OBJC_IMPLEMENTATIONS = YES;
				CLANG_WARN_DIRECT_OBJC_ISA_USAGE = YES_ERROR;
				CLANG_WARN_DOCUMENTATION_COMMENTS = YES;
				CLANG_WARN_EMPTY_BODY = YES;
				CLANG_WARN_ENUM_CONVERSION = YES;
				CLANG_WARN_INFINITE_RECURSION = YES;
				CLANG_WARN_INT_CONVERSION = YES;
				CLANG_WARN_NON_LITERAL_NULL_CONVERSION = YES;
				CLANG_WARN_OBJC_IMPLICIT_RETAIN_SELF = YES;
				CLANG_WARN_OBJC_LITERAL_CONVERSION = YES;
				CLANG_WARN_OBJC_ROOT_CLASS = YES_ERROR;
				CLANG_WARN_QUOTED_INCLUDE_IN_FRAMEWORK_HEADER = YES;
				CLANG_WARN_RANGE_LOOP_ANALYSIS = YES;
				CLANG_WARN_STRICT_PROTOTYPES = YES;
				CLANG_WARN_SUSPICIOUS_MOVE = YES;
				CLANG_WARN_UNGUARDED_AVAILABILITY = YES_AGGRESSIVE;
				CLANG_WARN_UNREACHABLE_CODE = YES;
				CLANG_WARN__DUPLICATE_METHOD_MATCH = YES;
				COPY_PHASE_STRIP = NO;
				CURRENT_PROJECT_VERSION = 1;
				DEBUG_INFORMATION_FORMAT = "dwarf-with-dsym";
				ENABLE_NS_ASSERTIONS = NO;
				ENABLE_STRICT_OBJC_MSGSEND = YES;
				GCC_C_LANGUAGE_STANDARD = gnu11;
				GCC_NO_COMMON_BLOCKS = YES;
				GCC_WARN_64_TO_32_BIT_CONVERSION = YES;
				GCC_WARN_ABOUT_RETURN_TYPE = YES_ERROR;
				GCC_WARN_UNDECLARED_SELECTOR = YES;
				GCC_WARN_UNINITIALIZED_AUTOS = YES_AGGRESSIVE;
				GCC_WARN_UNUSED_FUNCTION = YES;
				GCC_WARN_UNUSED_VARIABLE = YES;
				IPHONEOS_DEPLOYMENT_TARGET = 17.0;
				MARKETING_VERSION = 1.0;
				MTL_ENABLE_DEBUG_INFO = NO;
				MTL_FAST_MATH = YES;
				PRODUCT_NAME = "$(TARGET_NAME)";
				SWIFT_COMPILATION_MODE = wholemodule;
				SWIFT_OPTIMIZATION_LEVEL = "-O";
				SWIFT_VERSION = 5.0;
				WATCHOS_DEPLOYMENT_TARGET = 10.0;
			};
			name = Release;
		};
		24A6D7DC618F1696D591C069 /* Release */ = {
			isa = XCBuildConfiguration;
			buildSettings = {
				ASSETCATALOG_COMPILER_COMPLICATION_NAME = Complication;
				INFOPLIST_FILE = "Watch/Config/WatchExtension-Info.plist";
				LD_RUNPATH_SEARCH_PATHS = (
					"$(inherited)",
					"@executable_path/Frameworks",
					"@executable_path/../../Frameworks",
				);
				PRODUCT_BUNDLE_IDENTIFIER = com.liftwatch.ios.watchkitapp.watchkitextension;
				SDKROOT = watchos;
				SKIP_INSTALL = YES;
				TARGETED_DEVICE_FAMILY = 4;
			};
			name = Release;
		};
		28C636DD226BBC4B66C1651A /* Debug */ = {
			isa = XCBuildConfiguration;
			buildSettings = {
				ASSETCATALOG_COMPILER_COMPLICATION_NAME = Complication;
				INFOPLIST_FILE = "Watch/Config/WatchExtension-Info.plist";
				LD_RUNPATH_SEARCH_PATHS = (
					"$(inherited)",
					"@executable_path/Frameworks",
					"@executable_path/../../Frameworks",
				);
				PRODUCT_BUNDLE_IDENTIFIER = com.liftwatch.ios.watchkitapp.watchkitextension;
				SDKROOT = watchos;
				SKIP_INSTALL = YES;
				TARGETED_DEVICE_FAMILY = 4;
			};
			name = Debug;
		};
		337733A52A6AD524ED3523FA /* Debug */ = {
			isa = XCBuildConfiguration;
			buildSettings = {
				ALWAYS_SEARCH_USER_PATHS = NO;
				CLANG_ANALYZER_NONNULL = YES;
				CLANG_ANALYZER_NUMBER_OBJECT_CONVERSION = YES_AGGRESSIVE;
				CLANG_CXX_LANGUAGE_STANDARD = "gnu++14";
				CLANG_CXX_LIBRARY = "libc++";
				CLANG_ENABLE_MODULES = YES;
				CLANG_ENABLE_OBJC_ARC = YES;
				CLANG_ENABLE_OBJC_WEAK = YES;
				CLANG_WARN_BLOCK_CAPTURE_AUTORELEASING = YES;
				CLANG_WARN_BOOL_CONVERSION = YES;
				CLANG_WARN_COMMA = YES;
				CLANG_WARN_CONSTANT_CONVERSION = YES;
				CLANG_WARN_DEPRECATED_OBJC_IMPLEMENTATIONS = YES;
				CLANG_WARN_DIRECT_OBJC_ISA_USAGE = YES_ERROR;
				CLANG_WARN_DOCUMENTATION_COMMENTS = YES;
				CLANG_WARN_EMPTY_BODY = YES;
				CLANG_WARN_ENUM_CONVERSION = YES;
				CLANG_WARN_INFINITE_RECURSION = YES;
				CLANG_WARN_INT_CONVERSION = YES;
				CLANG_WARN_NON_LITERAL_NULL_CONVERSION = YES;
				CLANG_WARN_OBJC_IMPLICIT_RETAIN_SELF = YES;
				CLANG_WARN_OBJC_LITERAL_CONVERSION = YES;
				CLANG_WARN_OBJC_ROOT_CLASS = YES_ERROR;
				CLANG_WARN_QUOTED_INCLUDE_IN_FRAMEWORK_HEADER = YES;
				CLANG_WARN_RANGE_LOOP_ANALYSIS = YES;
				CLANG_WARN_STRICT_PROTOTYPES = YES;
				CLANG_WARN_SUSPICIOUS_MOVE = YES;
				CLANG_WARN_UNGUARDED_AVAILABILITY = YES_AGGRESSIVE;
				CLANG_WARN_UNREACHABLE_CODE = YES;
				CLANG_WARN__DUPLICATE_METHOD_MATCH = YES;
				COPY_PHASE_STRIP = NO;
				CURRENT_PROJECT_VERSION = 1;
				DEBUG_INFORMATION_FORMAT = dwarf;
				ENABLE_STRICT_OBJC_MSGSEND = YES;
				ENABLE_TESTABILITY = YES;
				GCC_C_LANGUAGE_STANDARD = gnu11;
				GCC_DYNAMIC_NO_PIC = NO;
				GCC_NO_COMMON_BLOCKS = YES;
				GCC_OPTIMIZATION_LEVEL = 0;
				GCC_PREPROCESSOR_DEFINITIONS = (
					"$(inherited)",
					"DEBUG=1",
				);
				GCC_WARN_64_TO_32_BIT_CONVERSION = YES;
				GCC_WARN_ABOUT_RETURN_TYPE = YES_ERROR;
				GCC_WARN_UNDECLARED_SELECTOR = YES;
				GCC_WARN_UNINITIALIZED_AUTOS = YES_AGGRESSIVE;
				GCC_WARN_UNUSED_FUNCTION = YES;
				GCC_WARN_UNUSED_VARIABLE = YES;
				IPHONEOS_DEPLOYMENT_TARGET = 17.0;
				MARKETING_VERSION = 1.0;
				MTL_ENABLE_DEBUG_INFO = INCLUDE_SOURCE;
				MTL_FAST_MATH = YES;
				ONLY_ACTIVE_ARCH = YES;
				PRODUCT_NAME = "$(TARGET_NAME)";
				SWIFT_ACTIVE_COMPILATION_CONDITIONS = DEBUG;
				SWIFT_OPTIMIZATION_LEVEL = "-Onone";
				SWIFT_VERSION = 5.0;
				WATCHOS_DEPLOYMENT_TARGET = 10.0;
			};
			name = Debug;
		};
		421F552D27B7BFF748EC0AF9 /* Debug */ = {
			isa = XCBuildConfiguration;
			buildSettings = {
				ASSETCATALOG_COMPILER_APPICON_NAME = AppIcon;
				CODE_SIGN_ENTITLEMENTS = iOS/Config/LiftWatchIOS.entitlements;
				CODE_SIGN_IDENTITY = "iPhone Developer";
				DEFINES_MODULE = YES;
				ENABLE_TESTABILITY = YES;
				INFOPLIST_FILE = iOS/Config/Info.plist;
				LD_RUNPATH_SEARCH_PATHS = (
					"$(inherited)",
					"@executable_path/Frameworks",
				);
				PRODUCT_BUNDLE_IDENTIFIER = com.liftwatch.ios;
				PRODUCT_MODULE_NAME = LiftWatchIOS;
				PRODUCT_NAME = LiftWatch;
				SDKROOT = iphoneos;
				TARGETED_DEVICE_FAMILY = 1;
			};
			name = Debug;
		};
		4E8ADE272ADDDD34F9B989DB /* Release */ = {
			isa = XCBuildConfiguration;
			buildSettings = {
				ASSETCATALOG_COMPILER_APPICON_NAME = AppIcon;
				INFOPLIST_FILE = "Watch/Config/WatchApp-Info.plist";
				PRODUCT_BUNDLE_IDENTIFIER = com.liftwatch.ios.watchkitapp;
				SDKROOT = watchos;
				SKIP_INSTALL = YES;
				TARGETED_DEVICE_FAMILY = 4;
			};
			name = Release;
		};
		69C43F393368ADC3667D366C /* Release */ = {
			isa = XCBuildConfiguration;
			buildSettings = {
				ASSETCATALOG_COMPILER_APPICON_NAME = AppIcon;
				CODE_SIGN_ENTITLEMENTS = iOS/Config/LiftWatchIOS.entitlements;
				CODE_SIGN_IDENTITY = "iPhone Developer";
				DEFINES_MODULE = YES;
				INFOPLIST_FILE = iOS/Config/Info.plist;
				LD_RUNPATH_SEARCH_PATHS = (
					"$(inherited)",
					"@executable_path/Frameworks",
				);
				PRODUCT_BUNDLE_IDENTIFIER = com.liftwatch.ios;
				PRODUCT_MODULE_NAME = LiftWatchIOS;
				PRODUCT_NAME = LiftWatch;
				SDKROOT = iphoneos;
				TARGETED_DEVICE_FAMILY = 1;
			};
			name = Release;
		};
		A9EA67F4E72B687C640B3833 /* Debug */ = {
			isa = XCBuildConfiguration;
			buildSettings = {
				BUNDLE_LOADER = "$(TEST_HOST)";
				GENERATE_INFOPLIST_FILE = YES;
				LD_RUNPATH_SEARCH_PATHS = (
					"$(inherited)",
					"@executable_path/Frameworks",
					"@loader_path/Frameworks",
				);
				PRODUCT_BUNDLE_IDENTIFIER = com.liftwatch.ios.tests;
				PRODUCT_MODULE_NAME = LiftWatchTests;
				PRODUCT_NAME = LiftWatchTests;
				SDKROOT = iphoneos;
				TARGETED_DEVICE_FAMILY = "1,2";
				TEST_HOST = "$(BUILT_PRODUCTS_DIR)/LiftWatch.app/LiftWatch";
			};
			name = Debug;
		};
		C180F59F0F403B22662B61EB /* Debug */ = {
			isa = XCBuildConfiguration;
			buildSettings = {
				ASSETCATALOG_COMPILER_APPICON_NAME = AppIcon;
				INFOPLIST_FILE = "Watch/Config/WatchApp-Info.plist";
				PRODUCT_BUNDLE_IDENTIFIER = com.liftwatch.ios.watchkitapp;
				SDKROOT = watchos;
				SKIP_INSTALL = YES;
				TARGETED_DEVICE_FAMILY = 4;
			};
			name = Debug;
		};
		EECDC81B9BC43BC008AE1050 /* Release */ = {
			isa = XCBuildConfiguration;
			buildSettings = {
				BUNDLE_LOADER = "$(TEST_HOST)";
				GENERATE_INFOPLIST_FILE = YES;
				LD_RUNPATH_SEARCH_PATHS = (
					"$(inherited)",
					"@executable_path/Frameworks",
					"@loader_path/Frameworks",
				);
				PRODUCT_BUNDLE_IDENTIFIER = com.liftwatch.ios.tests;
				PRODUCT_MODULE_NAME = LiftWatchTests;
				PRODUCT_NAME = LiftWatchTests;
				SDKROOT = iphoneos;
				TARGETED_DEVICE_FAMILY = "1,2";
				TEST_HOST = "$(BUILT_PRODUCTS_DIR)/LiftWatch.app/LiftWatch";
			};
			name = Release;
		};
/* End XCBuildConfiguration section */

/* Begin XCConfigurationList section */
		1A5216FA1EAA44584F8FECC9 /* Build configuration list for PBXProject "LiftWatch" */ = {
			isa = XCConfigurationList;
			buildConfigurations = (
				337733A52A6AD524ED3523FA /* Debug */,
				04C3C707FA8FFF07DF1EF6F5 /* Release */,
			);
			defaultConfigurationIsVisible = 0;
			defaultConfigurationName = Debug;
		};
		26995CDB2D750BDB707B106A /* Build configuration list for PBXNativeTarget "LiftWatchWatchExtension" */ = {
			isa = XCConfigurationList;
			buildConfigurations = (
				28C636DD226BBC4B66C1651A /* Debug */,
				24A6D7DC618F1696D591C069 /* Release */,
			);
			defaultConfigurationIsVisible = 0;
			defaultConfigurationName = Debug;
		};
		3F051A34118B071D9CA6E075 /* Build configuration list for PBXNativeTarget "LiftWatchTests" */ = {
			isa = XCConfigurationList;
			buildConfigurations = (
				A9EA67F4E72B687C640B3833 /* Debug */,
				EECDC81B9BC43BC008AE1050 /* Release */,
			);
			defaultConfigurationIsVisible = 0;
			defaultConfigurationName = Debug;
		};
		9DB6DC3BF0B13FDCEF20B653 /* Build configuration list for PBXNativeTarget "LiftWatchWatchApp" */ = {
			isa = XCConfigurationList;
			buildConfigurations = (
				C180F59F0F403B22662B61EB /* Debug */,
				4E8ADE272ADDDD34F9B989DB /* Release */,
			);
			defaultConfigurationIsVisible = 0;
			defaultConfigurationName = Debug;
		};
		F27438B6EF4EC0391563BA70 /* Build configuration list for PBXNativeTarget "LiftWatchIOS" */ = {
			isa = XCConfigurationList;
			buildConfigurations = (
				421F552D27B7BFF748EC0AF9 /* Debug */,
				69C43F393368ADC3667D366C /* Release */,
			);
			defaultConfigurationIsVisible = 0;
			defaultConfigurationName = Debug;
		};
/* End XCConfigurationList section */
	};
	rootObject = F980602E91E79D1B442BB54C /* Project object */;
}
