// !$*UTF8*$!
{
	archiveVersion = 1;
	classes = {
	};
	objectVersion = 77;
	objects = {

/* Begin PBXBuildFile section */
		0332DD7BDFD6F3B485C0E77A /* ExerciseDefinition.swift in Sources */ = {isa = PBXBuildFile; fileRef = 6F402DCA95E28142CE0419AF /* ExerciseDefinition.swift */; };
		08B9A9F63AF1244D47FC6353 /* WeightliftingCatalog.swift in Sources */ = {isa = PBXBuildFile; fileRef = 6CEE66A4278F2150DB380D4A /* WeightliftingCatalog.swift */; };
		0B24FC302FA998AE9C4B9376 /* ExerciseDefinition.swift in Sources */ = {isa = PBXBuildFile; fileRef = 6F402DCA95E28142CE0419AF /* ExerciseDefinition.swift */; };
		0D1148A4C18BDAD9D9DFBBB8 /* LiftWatchWatchApp.app in Embed Watch Content */ = {isa = PBXBuildFile; fileRef = 98530B59666E634BAEF8828F /* LiftWatchWatchApp.app */; settings = {ATTRIBUTES = (RemoveHeadersOnCopy, ); }; };
		118BE39E609EE6F92B8376AE /* LiftWatchIOSApp.swift in Sources */ = {isa = PBXBuildFile; fileRef = B7E46E8F8EB8366397562832 /* LiftWatchIOSApp.swift */; };
		15BFA566D7F03068C61E895B /* IOSContentView.swift in Sources */ = {isa = PBXBuildFile; fileRef = AD920E6A3B78CA5421FFB9B4 /* IOSContentView.swift */; };
		2A4E90B13F4661AB4A79F837 /* WatchSyncManager.swift in Sources */ = {isa = PBXBuildFile; fileRef = F7EDDE2332B66E1395BCE326 /* WatchSyncManager.swift */; };
		2E1579AB1582BBF49A6B6F68 /* SymbolLibrary.swift in Sources */ = {isa = PBXBuildFile; fileRef = 520A32BFB2C7F6270901E33A /* SymbolLibrary.swift */; };
		3C74AFFBFC31FF8AABC99D24 /* ExerciseLog.swift in Sources */ = {isa = PBXBuildFile; fileRef = A4CD6488FFE36225F5732979 /* ExerciseLog.swift */; };
		3D264AEF652FCFB40711ACCF /* AddExerciseView.swift in Sources */ = {isa = PBXBuildFile; fileRef = E99C4BDC8B0D624B0B2119A8 /* AddExerciseView.swift */; };
		3FD09429F87073ADC3C5F972 /* WatchAddExerciseView.swift in Sources */ = {isa = PBXBuildFile; fileRef = 5634CC03E9A1415C1207C819 /* WatchAddExerciseView.swift */; };
		4D8C8C5316FD00C1D163443E /* AppSettings.swift in Sources */ = {isa = PBXBuildFile; fileRef = 94DE05DAE9828E86C8B3E22B /* AppSettings.swift */; };
		51FCC69C0529B4B9477F852B /* WorkoutColors.swift in Sources */ = {isa = PBXBuildFile; fileRef = 3EF78279CD9A0DD874A869AD /* WorkoutColors.swift */; };
		5980CF4D1C3B6187C057F55C /* LiftWatchWatchApp.swift in Sources */ = {isa = PBXBuildFile; fileRef = 02E3ACECF40BD317F9F6029E /* LiftWatchWatchApp.swift */; };
		5A63A5CDEB2B08552FB2B971 /* WorkoutColors.swift in Sources */ = {isa = PBXBuildFile; fileRef = 3EF78279CD9A0DD874A869AD /* WorkoutColors.swift */; };
		64653BD6AC8C97314C226B48 /* WorkoutSession.swift in Sources */ = {isa = PBXBuildFile; fileRef = 72E67AE1ED602829D7A30A0E /* WorkoutSession.swift */; };
		87AC1CF7F5C387EB9FD63911 /* IOSTabView.swift in Sources */ = {isa = PBXBuildFile; fileRef = 91B3BAB58368BDB70B1B3D72 /* IOSTabView.swift */; };
		997BD49AEF19702622E4D76F /* WeightliftingCatalog.swift in Sources */ = {isa = PBXBuildFile; fileRef = 6CEE66A4278F2150DB380D4A /* WeightliftingCatalog.swift */; };
		A2FFD1EBE50EBE8512FEE7D2 /* AppSettings.swift in Sources */ = {isa = PBXBuildFile; fileRef = 94DE05DAE9828E86C8B3E22B /* AppSettings.swift */; };
		AB1A20AD33E5396E20F189CB /* ExerciseLog.swift in Sources */ = {isa = PBXBuildFile; fileRef = A4CD6488FFE36225F5732979 /* ExerciseLog.swift */; };
		AB1E7B27832858B09A4876ED /* WorkoutSession.swift in Sources */ = {isa = PBXBuildFile; fileRef = 72E67AE1ED602829D7A30A0E /* WorkoutSession.swift */; };
		C8C62087B9CBE9688EB054C1 /* IOSHistoryView.swift in Sources */ = {isa = PBXBuildFile; fileRef = FE1F2902118BEB1013480E1B /* IOSHistoryView.swift */; };
		D1C8EB03EEDB07A0EC5D610F /* WatchSyncManager.swift in Sources */ = {isa = PBXBuildFile; fileRef = F7EDDE2332B66E1395BCE326 /* WatchSyncManager.swift */; };
		DE790F52A135AE4F418B5216 /* IOSExerciseLibraryView.swift in Sources */ = {isa = PBXBuildFile; fileRef = FC9C27A636438150316D1547 /* IOSExerciseLibraryView.swift */; };
		E5887CC44A57127A08C9304A /* SymbolLibrary.swift in Sources */ = {isa = PBXBuildFile; fileRef = 520A32BFB2C7F6270901E33A /* SymbolLibrary.swift */; };
		EA88D052BFAF1B518A4ADC2B /* WatchContentView.swift in Sources */ = {isa = PBXBuildFile; fileRef = E61C2EA4AF75388179748C0A /* WatchContentView.swift */; };
		EBE0E7FE218858FD64E55AD4 /* IOSSettingsView.swift in Sources */ = {isa = PBXBuildFile; fileRef = 8505086E7DC26A8DCFCF865A /* IOSSettingsView.swift */; };
		EF0507AFAB1B569F7AE3EC33 /* LiftWatchWatchExtension.appex in Embed Foundation Extensions */ = {isa = PBXBuildFile; fileRef = A617DDC7BE2C6042BEFAE2D4 /* LiftWatchWatchExtension.appex */; settings = {ATTRIBUTES = (RemoveHeadersOnCopy, ); }; };
		EFD16ED81F606AD07C4CDDC8 /* IOSWorkoutSimilarityView.swift in Sources */ = {isa = PBXBuildFile; fileRef = F7505FA19E83B49701B854C7 /* IOSWorkoutSimilarityView.swift */; };
		F25EF186AED0AF30C0A4695B /* ExerciseStore.swift in Sources */ = {isa = PBXBuildFile; fileRef = EE2167A086B35451C566B80D /* ExerciseStore.swift */; };
		F2BB3BF5FAFBBBAC2BDDEEEF /* ExerciseStore.swift in Sources */ = {isa = PBXBuildFile; fileRef = EE2167A086B35451C566B80D /* ExerciseStore.swift */; };
/* End PBXBuildFile section */

/* Begin PBXContainerItemProxy section */
		3A0651C2ED10BA9488A16EAD /* PBXContainerItemProxy */ = {
			isa = PBXContainerItemProxy;
			containerPortal = F980602E91E79D1B442BB54C /* Project object */;
			proxyType = 1;
			remoteGlobalIDString = B29A76694206C9D88AF33B6D;
			remoteInfo = LiftWatchWatchApp;
		};
		85E3D596BE28F6D38A42B5CE /* PBXContainerItemProxy */ = {
			isa = PBXContainerItemProxy;
			containerPortal = F980602E91E79D1B442BB54C /* Project object */;
			proxyType = 1;
			remoteGlobalIDString = F588CB738CF674968659B227;
			remoteInfo = LiftWatchWatchExtension;
		};
/* End PBXContainerItemProxy section */

/* Begin PBXCopyFilesBuildPhase section */
		502F420DFDCA43B02412F893 /* Embed Foundation Extensions */ = {
			isa = PBXCopyFilesBuildPhase;
			buildActionMask = 2147483647;
			dstPath = "";
			dstSubfolderSpec = 13;
			files = (
				EF0507AFAB1B569F7AE3EC33 /* LiftWatchWatchExtension.appex in Embed Foundation Extensions */,
			);
			name = "Embed Foundation Extensions";
			runOnlyForDeploymentPostprocessing = 0;
		};
		851B57A50020D17DF6AD1700 /* Embed Watch Content */ = {
			isa = PBXCopyFilesBuildPhase;
			buildActionMask = 2147483647;
			dstPath = "$(CONTENTS_FOLDER_PATH)/Watch";
			dstSubfolderSpec = 16;
			files = (
				0D1148A4C18BDAD9D9DFBBB8 /* LiftWatchWatchApp.app in Embed Watch Content */,
			);
			name = "Embed Watch Content";
			runOnlyForDeploymentPostprocessing = 0;
		};
/* End PBXCopyFilesBuildPhase section */

/* Begin PBXFileReference section */
		02E3ACECF40BD317F9F6029E /* LiftWatchWatchApp.swift */ = {isa = PBXFileReference; lastKnownFileType = sourcecode.swift; path = LiftWatchWatchApp.swift; sourceTree = "<group>"; };
		3EF78279CD9A0DD874A869AD /* WorkoutColors.swift */ = {isa = PBXFileReference; lastKnownFileType = sourcecode.swift; path = WorkoutColors.swift; sourceTree = "<group>"; };
		520A32BFB2C7F6270901E33A /* SymbolLibrary.swift */ = {isa = PBXFileReference; lastKnownFileType = sourcecode.swift; path = SymbolLibrary.swift; sourceTree = "<group>"; };
		5634CC03E9A1415C1207C819 /* WatchAddExerciseView.swift */ = {isa = PBXFileReference; lastKnownFileType = sourcecode.swift; path = WatchAddExerciseView.swift; sourceTree = "<group>"; };
		6CEE66A4278F2150DB380D4A /* WeightliftingCatalog.swift */ = {isa = PBXFileReference; lastKnownFileType = sourcecode.swift; path = WeightliftingCatalog.swift; sourceTree = "<group>"; };
		6F402DCA95E28142CE0419AF /* ExerciseDefinition.swift */ = {isa = PBXFileReference; lastKnownFileType = sourcecode.swift; path = ExerciseDefinition.swift; sourceTree = "<group>"; };
		72E67AE1ED602829D7A30A0E /* WorkoutSession.swift */ = {isa = PBXFileReference; lastKnownFileType = sourcecode.swift; path = WorkoutSession.swift; sourceTree = "<group>"; };
		8505086E7DC26A8DCFCF865A /* IOSSettingsView.swift */ = {isa = PBXFileReference; lastKnownFileType = sourcecode.swift; path = IOSSettingsView.swift; sourceTree = "<group>"; };
		91B3BAB58368BDB70B1B3D72 /* IOSTabView.swift */ = {isa = PBXFileReference; lastKnownFileType = sourcecode.swift; path = IOSTabView.swift; sourceTree = "<group>"; };
		94DE05DAE9828E86C8B3E22B /* AppSettings.swift */ = {isa = PBXFileReference; lastKnownFileType = sourcecode.swift; path = AppSettings.swift; sourceTree = "<group>"; };
		98530B59666E634BAEF8828F /* LiftWatchWatchApp.app */ = {isa = PBXFileReference; explicitFileType = wrapper.application; includeInIndex = 0; path = LiftWatchWatchApp.app; sourceTree = BUILT_PRODUCTS_DIR; };
		A4CD6488FFE36225F5732979 /* ExerciseLog.swift */ = {isa = PBXFileReference; lastKnownFileType = sourcecode.swift; path = ExerciseLog.swift; sourceTree = "<group>"; };
		A617DDC7BE2C6042BEFAE2D4 /* LiftWatchWatchExtension.appex */ = {isa = PBXFileReference; explicitFileType = "wrapper.app-extension"; includeInIndex = 0; path = LiftWatchWatchExtension.appex; sourceTree = BUILT_PRODUCTS_DIR; };
		ACFAA66A59F0B64ADA0AD4A6 /* LiftWatchIOS.app */ = {isa = PBXFileReference; includeInIndex = 0; lastKnownFileType = wrapper.application; path = LiftWatchIOS.app; sourceTree = BUILT_PRODUCTS_DIR; };
		AD920E6A3B78CA5421FFB9B4 /* IOSContentView.swift */ = {isa = PBXFileReference; lastKnownFileType = sourcecode.swift; path = IOSContentView.swift; sourceTree = "<group>"; };
		B7E46E8F8EB8366397562832 /* LiftWatchIOSApp.swift */ = {isa = PBXFileReference; lastKnownFileType = sourcecode.swift; path = LiftWatchIOSApp.swift; sourceTree = "<group>"; };
		E61C2EA4AF75388179748C0A /* WatchContentView.swift */ = {isa = PBXFileReference; lastKnownFileType = sourcecode.swift; path = WatchContentView.swift; sourceTree = "<group>"; };
		E99C4BDC8B0D624B0B2119A8 /* AddExerciseView.swift */ = {isa = PBXFileReference; lastKnownFileType = sourcecode.swift; path = AddExerciseView.swift; sourceTree = "<group>"; };
		EE2167A086B35451C566B80D /* ExerciseStore.swift */ = {isa = PBXFileReference; lastKnownFileType = sourcecode.swift; path = ExerciseStore.swift; sourceTree = "<group>"; };
		F7505FA19E83B49701B854C7 /* IOSWorkoutSimilarityView.swift */ = {isa = PBXFileReference; lastKnownFileType = sourcecode.swift; path = IOSWorkoutSimilarityView.swift; sourceTree = "<group>"; };
		F7EDDE2332B66E1395BCE326 /* WatchSyncManager.swift */ = {isa = PBXFileReference; lastKnownFileType = sourcecode.swift; path = WatchSyncManager.swift; sourceTree = "<group>"; };
		FC9C27A636438150316D1547 /* IOSExerciseLibraryView.swift */ = {isa = PBXFileReference; lastKnownFileType = sourcecode.swift; path = IOSExerciseLibraryView.swift; sourceTree = "<group>"; };
		FE1F2902118BEB1013480E1B /* IOSHistoryView.swift */ = {isa = PBXFileReference; lastKnownFileType = sourcecode.swift; path = IOSHistoryView.swift; sourceTree = "<group>"; };
/* End PBXFileReference section */

/* Begin PBXGroup section */
		3CD9795E8885C1820DA0F0AB /* Shared */ = {
			isa = PBXGroup;
			children = (
				94DE05DAE9828E86C8B3E22B /* AppSettings.swift */,
				6F402DCA95E28142CE0419AF /* ExerciseDefinition.swift */,
				A4CD6488FFE36225F5732979 /* ExerciseLog.swift */,
				EE2167A086B35451C566B80D /* ExerciseStore.swift */,
				520A32BFB2C7F6270901E33A /* SymbolLibrary.swift */,
				F7EDDE2332B66E1395BCE326 /* WatchSyncManager.swift */,
				6CEE66A4278F2150DB380D4A /* WeightliftingCatalog.swift */,
				3EF78279CD9A0DD874A869AD /* WorkoutColors.swift */,
				72E67AE1ED602829D7A30A0E /* WorkoutSession.swift */,
			);
			path = Shared;
			sourceTree = "<group>";
		};
		5EBE033EE27BC64C9876A9E7 /* iOS */ = {
			isa = PBXGroup;
			children = (
				E99C4BDC8B0D624B0B2119A8 /* AddExerciseView.swift */,
				AD920E6A3B78CA5421FFB9B4 /* IOSContentView.swift */,
				FC9C27A636438150316D1547 /* IOSExerciseLibraryView.swift */,
				FE1F2902118BEB1013480E1B /* IOSHistoryView.swift */,
				8505086E7DC26A8DCFCF865A /* IOSSettingsView.swift */,
				91B3BAB58368BDB70B1B3D72 /* IOSTabView.swift */,
				F7505FA19E83B49701B854C7 /* IOSWorkoutSimilarityView.swift */,
				B7E46E8F8EB8366397562832 /* LiftWatchIOSApp.swift */,
			);
			path = iOS;
			sourceTree = "<group>";
		};
		823A464B36FF59E17C2871F8 = {
			isa = PBXGroup;
			children = (
				5EBE033EE27BC64C9876A9E7 /* iOS */,
				3CD9795E8885C1820DA0F0AB /* Shared */,
				BDC4D17C1998C29910534522 /* Watch */,
				BFE8E20188C654C7828BC1C3 /* Products */,
			);
			sourceTree = "<group>";
		};
		BDC4D17C1998C29910534522 /* Watch */ = {
			isa = PBXGroup;
			children = (
				02E3ACECF40BD317F9F6029E /* LiftWatchWatchApp.swift */,
				5634CC03E9A1415C1207C819 /* WatchAddExerciseView.swift */,
				E61C2EA4AF75388179748C0A /* WatchContentView.swift */,
			);
			path = Watch;
			sourceTree = "<group>";
		};
		BFE8E20188C654C7828BC1C3 /* Products */ = {
			isa = PBXGroup;
			children = (
				ACFAA66A59F0B64ADA0AD4A6 /* LiftWatchIOS.app */,
				98530B59666E634BAEF8828F /* LiftWatchWatchApp.app */,
				A617DDC7BE2C6042BEFAE2D4 /* LiftWatchWatchExtension.appex */,
			);
			name = Products;
			sourceTree = "<group>";
		};
/* End PBXGroup section */

/* Begin PBXNativeTarget section */
		B29A76694206C9D88AF33B6D /* LiftWatchWatchApp */ = {
			isa = PBXNativeTarget;
			buildConfigurationList = 9DB6DC3BF0B13FDCEF20B653 /* Build configuration list for PBXNativeTarget "LiftWatchWatchApp" */;
			buildPhases = (
				502F420DFDCA43B02412F893 /* Embed Foundation Extensions */,
			);
			buildRules = (
			);
			dependencies = (
				4B72C5C19E20D8DB341DB740 /* PBXTargetDependency */,
			);
			name = LiftWatchWatchApp;
			packageProductDependencies = (
			);
			productName = LiftWatchWatchApp;
			productReference = 98530B59666E634BAEF8828F /* LiftWatchWatchApp.app */;
			productType = "com.apple.product-type.application.watchapp2";
		};
		CD196D4096B1A84F7E808979 /* LiftWatchIOS */ = {
			isa = PBXNativeTarget;
			buildConfigurationList = F27438B6EF4EC0391563BA70 /* Build configuration list for PBXNativeTarget "LiftWatchIOS" */;
			buildPhases = (
				01470545F6A601D8D9F128E0 /* Sources */,
				851B57A50020D17DF6AD1700 /* Embed Watch Content */,
			);
			buildRules = (
			);
			dependencies = (
				D2CFC697DF158B97673A5812 /* PBXTargetDependency */,
			);
			name = LiftWatchIOS;
			packageProductDependencies = (
			);
			productName = LiftWatchIOS;
			productReference = ACFAA66A59F0B64ADA0AD4A6 /* LiftWatchIOS.app */;
			productType = "com.apple.product-type.application";
		};
		F588CB738CF674968659B227 /* LiftWatchWatchExtension */ = {
			isa = PBXNativeTarget;
			buildConfigurationList = 26995CDB2D750BDB707B106A /* Build configuration list for PBXNativeTarget "LiftWatchWatchExtension" */;
			buildPhases = (
				A6E114FCADC9CD84B01133F7 /* Sources */,
			);
			buildRules = (
			);
			dependencies = (
			);
			name = LiftWatchWatchExtension;
			packageProductDependencies = (
			);
			productName = LiftWatchWatchExtension;
			productReference = A617DDC7BE2C6042BEFAE2D4 /* LiftWatchWatchExtension.appex */;
			productType = "com.apple.product-type.watchkit2-extension";
		};
/* End PBXNativeTarget section */

/* Begin PBXProject section */
		F980602E91E79D1B442BB54C /* Project object */ = {
			isa = PBXProject;
			attributes = {
				BuildIndependentTargetsInParallel = YES;
				LastUpgradeCheck = 1430;
			};
			buildConfigurationList = 1A5216FA1EAA44584F8FECC9 /* Build configuration list for PBXProject "LiftWatch" */;
			compatibilityVersion = "Xcode 14.0";
			developmentRegion = en;
			hasScannedForEncodings = 0;
			knownRegions = (
				Base,
				en,
			);
			mainGroup = 823A464B36FF59E17C2871F8;
			minimizedProjectReferenceProxies = 1;
			preferredProjectObjectVersion = 77;
			projectDirPath = "";
			projectRoot = "";
			targets = (
				CD196D4096B1A84F7E808979 /* LiftWatchIOS */,
				B29A76694206C9D88AF33B6D /* LiftWatchWatchApp */,
				F588CB738CF674968659B227 /* LiftWatchWatchExtension */,
			);
		};
/* End PBXProject section */

/* Begin PBXSourcesBuildPhase section */
		01470545F6A601D8D9F128E0 /* Sources */ = {
			isa = PBXSourcesBuildPhase;
			buildActionMask = 2147483647;
			files = (
				3D264AEF652FCFB40711ACCF /* AddExerciseView.swift in Sources */,
				A2FFD1EBE50EBE8512FEE7D2 /* AppSettings.swift in Sources */,
				0332DD7BDFD6F3B485C0E77A /* ExerciseDefinition.swift in Sources */,
				AB1A20AD33E5396E20F189CB /* ExerciseLog.swift in Sources */,
				F25EF186AED0AF30C0A4695B /* ExerciseStore.swift in Sources */,
				15BFA566D7F03068C61E895B /* IOSContentView.swift in Sources */,
				DE790F52A135AE4F418B5216 /* IOSExerciseLibraryView.swift in Sources */,
				C8C62087B9CBE9688EB054C1 /* IOSHistoryView.swift in Sources */,
				EBE0E7FE218858FD64E55AD4 /* IOSSettingsView.swift in Sources */,
				87AC1CF7F5C387EB9FD63911 /* IOSTabView.swift in Sources */,
				EFD16ED81F606AD07C4CDDC8 /* IOSWorkoutSimilarityView.swift in Sources */,
				118BE39E609EE6F92B8376AE /* LiftWatchIOSApp.swift in Sources */,
				2E1579AB1582BBF49A6B6F68 /* SymbolLibrary.swift in Sources */,
				D1C8EB03EEDB07A0EC5D610F /* WatchSyncManager.swift in Sources */,
				997BD49AEF19702622E4D76F /* WeightliftingCatalog.swift in Sources */,
				51FCC69C0529B4B9477F852B /* WorkoutColors.swift in Sources */,
				AB1E7B27832858B09A4876ED /* WorkoutSession.swift in Sources */,
			);
			runOnlyForDeploymentPostprocessing = 0;
		};
		A6E114FCADC9CD84B01133F7 /* Sources */ = {
			isa = PBXSourcesBuildPhase;
			buildActionMask = 2147483647;
			files = (
				4D8C8C5316FD00C1D163443E /* AppSettings.swift in Sources */,
				0B24FC302FA998AE9C4B9376 /* ExerciseDefinition.swift in Sources */,
				3C74AFFBFC31FF8AABC99D24 /* ExerciseLog.swift in Sources */,
				F2BB3BF5FAFBBBAC2BDDEEEF /* ExerciseStore.swift in Sources */,
				5980CF4D1C3B6187C057F55C /* LiftWatchWatchApp.swift in Sources */,
				E5887CC44A57127A08C9304A /* SymbolLibrary.swift in Sources */,
				3FD09429F87073ADC3C5F972 /* WatchAddExerciseView.swift in Sources */,
				EA88D052BFAF1B518A4ADC2B /* WatchContentView.swift in Sources */,
				2A4E90B13F4661AB4A79F837 /* WatchSyncManager.swift in Sources */,
				08B9A9F63AF1244D47FC6353 /* WeightliftingCatalog.swift in Sources */,
				5A63A5CDEB2B08552FB2B971 /* WorkoutColors.swift in Sources */,
				64653BD6AC8C97314C226B48 /* WorkoutSession.swift in Sources */,
			);
			runOnlyForDeploymentPostprocessing = 0;
		};
/* End PBXSourcesBuildPhase section */

/* Begin PBXTargetDependency section */
		4B72C5C19E20D8DB341DB740 /* PBXTargetDependency */ = {
			isa = PBXTargetDependency;
			target = F588CB738CF674968659B227 /* LiftWatchWatchExtension */;
			targetProxy = 85E3D596BE28F6D38A42B5CE /* PBXContainerItemProxy */;
		};
		D2CFC697DF158B97673A5812 /* PBXTargetDependency */ = {
			isa = PBXTargetDependency;
			target = B29A76694206C9D88AF33B6D /* LiftWatchWatchApp */;
			targetProxy = 3A0651C2ED10BA9488A16EAD /* PBXContainerItemProxy */;
		};
/* End PBXTargetDependency section */

/* Begin XCBuildConfiguration section */
		04C3C707FA8FFF07DF1EF6F5 /* Release */ = {
			isa = XCBuildConfiguration;
			buildSettings = {
				ALWAYS_SEARCH_USER_PATHS = NO;
				CLANG_ANALYZER_NONNULL = YES;
				CLANG_ANALYZER_NUMBER_OBJECT_CONVERSION = YES_AGGRESSIVE;
				CLANG_CXX_LANGUAGE_STANDARD = "gnu++14";
				CLANG_CXX_LIBRARY = "libc++";
				CLANG_ENABLE_MODULES = YES;
				CLANG_ENABLE_OBJC_ARC = YES;
				CLANG_ENABLE_OBJC_WEAK = YES;
				CLANG_WARN_BLOCK_CAPTURE_AUTORELEASING = YES;
				CLANG_WARN_BOOL_CONVERSION = YES;
				CLANG_WARN_COMMA = YES;
				CLANG_WARN_CONSTANT_CONVERSION = YES;
				CLANG_WARN_DEPRECATED_OBJC_IMPLEMENTATIONS = YES;
				CLANG_WARN_DIRECT_OBJC_ISA_USAGE = YES_ERROR;
				CLANG_WARN_DOCUMENTATION_COMMENTS = YES;
				CLANG_WARN_EMPTY_BODY = YES;
				CLANG_WARN_ENUM_CONVERSION = YES;
				CLANG_WARN_INFINITE_RECURSION = YES;
				CLANG_WARN_INT_CONVERSION = YES;
				CLANG_WARN_NON_LITERAL_NULL_CONVERSION = YES;
				CLANG_WARN_OBJC_IMPLICIT_RETAIN_SELF = YES;
				CLANG_WARN_OBJC_LITERAL_CONVERSION = YES;
				CLANG_WARN_OBJC_ROOT_CLASS = YES_ERROR;
				CLANG_WARN_QUOTED_INCLUDE_IN_FRAMEWORK_HEADER = YES;
				CLANG_WARN_RANGE_LOOP_ANALYSIS = YES;
				CLANG_WARN_STRICT_PROTOTYPES = YES;
				CLANG_WARN_SUSPICIOUS_MOVE = YES;
				CLANG_WARN_UNGUARDED_AVAILABILITY = YES_AGGRESSIVE;
				CLANG_WARN_UNREACHABLE_CODE = YES;
				CLANG_WARN__DUPLICATE_METHOD_MATCH = YES;
				COPY_PHASE_STRIP = NO;
				CURRENT_PROJECT_VERSION = 1;
				DEBUG_INFORMATION_FORMAT = "dwarf-with-dsym";
				ENABLE_NS_ASSERTIONS = NO;
				ENABLE_STRICT_OBJC_MSGSEND = YES;
				GCC_C_LANGUAGE_STANDARD = gnu11;
				GCC_NO_COMMON_BLOCKS = YES;
				GCC_WARN_64_TO_32_BIT_CONVERSION = YES;
				GCC_WARN_ABOUT_RETURN_TYPE = YES_ERROR;
				GCC_WARN_UNDECLARED_SELECTOR = YES;
				GCC_WARN_UNINITIALIZED_AUTOS = YES_AGGRESSIVE;
				GCC_WARN_UNUSED_FUNCTION = YES;
				GCC_WARN_UNUSED_VARIABLE = YES;
				IPHONEOS_DEPLOYMENT_TARGET = 17.0;
				MARKETING_VERSION = 1.0;
				MTL_ENABLE_DEBUG_INFO = NO;
				MTL_FAST_MATH = YES;
				PRODUCT_NAME = LiftWatch;
				SWIFT_COMPILATION_MODE = wholemodule;
				SWIFT_OPTIMIZATION_LEVEL = "-O";
				SWIFT_VERSION = 5.0;
				WATCHOS_DEPLOYMENT_TARGET = 10.0;
			};
			name = Release;
		};
		24A6D7DC618F1696D591C069 /* Release */ = {
			isa = XCBuildConfiguration;
			buildSettings = {
				ASSETCATALOG_COMPILER_COMPLICATION_NAME = Complication;
				INFOPLIST_FILE = "Watch/WatchExtension-Info.plist";
				LD_RUNPATH_SEARCH_PATHS = (
					"$(inherited)",
					"@executable_path/Frameworks",
					"@executable_path/../../Frameworks",
				);
				PRODUCT_BUNDLE_IDENTIFIER = com.liftwatch.ios.watchkitapp.watchkitextension;
				SDKROOT = watchos;
				SKIP_INSTALL = YES;
				TARGETED_DEVICE_FAMILY = 4;
			};
			name = Release;
		};
		28C636DD226BBC4B66C1651A /* Debug */ = {
			isa = XCBuildConfiguration;
			buildSettings = {
				ASSETCATALOG_COMPILER_COMPLICATION_NAME = Complication;
				INFOPLIST_FILE = "Watch/WatchExtension-Info.plist";
				LD_RUNPATH_SEARCH_PATHS = (
					"$(inherited)",
					"@executable_path/Frameworks",
					"@executable_path/../../Frameworks",
				);
				PRODUCT_BUNDLE_IDENTIFIER = com.liftwatch.ios.watchkitapp.watchkitextension;
				SDKROOT = watchos;
				SKIP_INSTALL = YES;
				TARGETED_DEVICE_FAMILY = 4;
			};
			name = Debug;
		};
		337733A52A6AD524ED3523FA /* Debug */ = {
			isa = XCBuildConfiguration;
			buildSettings = {
				ALWAYS_SEARCH_USER_PATHS = NO;
				CLANG_ANALYZER_NONNULL = YES;
				CLANG_ANALYZER_NUMBER_OBJECT_CONVERSION = YES_AGGRESSIVE;
				CLANG_CXX_LANGUAGE_STANDARD = "gnu++14";
				CLANG_CXX_LIBRARY = "libc++";
				CLANG_ENABLE_MODULES = YES;
				CLANG_ENABLE_OBJC_ARC = YES;
				CLANG_ENABLE_OBJC_WEAK = YES;
				CLANG_WARN_BLOCK_CAPTURE_AUTORELEASING = YES;
				CLANG_WARN_BOOL_CONVERSION = YES;
				CLANG_WARN_COMMA = YES;
				CLANG_WARN_CONSTANT_CONVERSION = YES;
				CLANG_WARN_DEPRECATED_OBJC_IMPLEMENTATIONS = YES;
				CLANG_WARN_DIRECT_OBJC_ISA_USAGE = YES_ERROR;
				CLANG_WARN_DOCUMENTATION_COMMENTS = YES;
				CLANG_WARN_EMPTY_BODY = YES;
				CLANG_WARN_ENUM_CONVERSION = YES;
				CLANG_WARN_INFINITE_RECURSION = YES;
				CLANG_WARN_INT_CONVERSION = YES;
				CLANG_WARN_NON_LITERAL_NULL_CONVERSION = YES;
				CLANG_WARN_OBJC_IMPLICIT_RETAIN_SELF = YES;
				CLANG_WARN_OBJC_LITERAL_CONVERSION = YES;
				CLANG_WARN_OBJC_ROOT_CLASS = YES_ERROR;
				CLANG_WARN_QUOTED_INCLUDE_IN_FRAMEWORK_HEADER = YES;
				CLANG_WARN_RANGE_LOOP_ANALYSIS = YES;
				CLANG_WARN_STRICT_PROTOTYPES = YES;
				CLANG_WARN_SUSPICIOUS_MOVE = YES;
				CLANG_WARN_UNGUARDED_AVAILABILITY = YES_AGGRESSIVE;
				CLANG_WARN_UNREACHABLE_CODE = YES;
				CLANG_WARN__DUPLICATE_METHOD_MATCH = YES;
				COPY_PHASE_STRIP = NO;
				CURRENT_PROJECT_VERSION = 1;
				DEBUG_INFORMATION_FORMAT = dwarf;
				ENABLE_STRICT_OBJC_MSGSEND = YES;
				ENABLE_TESTABILITY = YES;
				GCC_C_LANGUAGE_STANDARD = gnu11;
				GCC_DYNAMIC_NO_PIC = NO;
				GCC_NO_COMMON_BLOCKS = YES;
				GCC_OPTIMIZATION_LEVEL = 0;
				GCC_PREPROCESSOR_DEFINITIONS = (
					"$(inherited)",
					"DEBUG=1",
				);
				GCC_WARN_64_TO_32_BIT_CONVERSION = YES;
				GCC_WARN_ABOUT_RETURN_TYPE = YES_ERROR;
				GCC_WARN_UNDECLARED_SELECTOR = YES;
				GCC_WARN_UNINITIALIZED_AUTOS = YES_AGGRESSIVE;
				GCC_WARN_UNUSED_FUNCTION = YES;
				GCC_WARN_UNUSED_VARIABLE = YES;
				IPHONEOS_DEPLOYMENT_TARGET = 17.0;
				MARKETING_VERSION = 1.0;
				MTL_ENABLE_DEBUG_INFO = INCLUDE_SOURCE;
				MTL_FAST_MATH = YES;
				ONLY_ACTIVE_ARCH = YES;
				PRODUCT_NAME = LiftWatch;
				SWIFT_ACTIVE_COMPILATION_CONDITIONS = DEBUG;
				SWIFT_OPTIMIZATION_LEVEL = "-Onone";
				SWIFT_VERSION = 5.0;
				WATCHOS_DEPLOYMENT_TARGET = 10.0;
			};
			name = Debug;
		};
		421F552D27B7BFF748EC0AF9 /* Debug */ = {
			isa = XCBuildConfiguration;
			buildSettings = {
				ASSETCATALOG_COMPILER_APPICON_NAME = AppIcon;
				CODE_SIGN_IDENTITY = "iPhone Developer";
				INFOPLIST_FILE = iOS/Info.plist;
				LD_RUNPATH_SEARCH_PATHS = (
					"$(inherited)",
					"@executable_path/Frameworks",
				);
				PRODUCT_BUNDLE_IDENTIFIER = com.liftwatch.ios;
				SDKROOT = iphoneos;
				TARGETED_DEVICE_FAMILY = 1;
			};
			name = Debug;
		};
		4E8ADE272ADDDD34F9B989DB /* Release */ = {
			isa = XCBuildConfiguration;
			buildSettings = {
				INFOPLIST_FILE = "Watch/WatchApp-Info.plist";
				PRODUCT_BUNDLE_IDENTIFIER = com.liftwatch.ios.watchkitapp;
				SDKROOT = watchos;
				SKIP_INSTALL = YES;
				TARGETED_DEVICE_FAMILY = 4;
			};
			name = Release;
		};
		69C43F393368ADC3667D366C /* Release */ = {
			isa = XCBuildConfiguration;
			buildSettings = {
				ASSETCATALOG_COMPILER_APPICON_NAME = AppIcon;
				CODE_SIGN_IDENTITY = "iPhone Developer";
				INFOPLIST_FILE = iOS/Info.plist;
				LD_RUNPATH_SEARCH_PATHS = (
					"$(inherited)",
					"@executable_path/Frameworks",
				);
				PRODUCT_BUNDLE_IDENTIFIER = com.liftwatch.ios;
				SDKROOT = iphoneos;
				TARGETED_DEVICE_FAMILY = 1;
			};
			name = Release;
		};
		C180F59F0F403B22662B61EB /* Debug */ = {
			isa = XCBuildConfiguration;
			buildSettings = {
				INFOPLIST_FILE = "Watch/WatchApp-Info.plist";
				PRODUCT_BUNDLE_IDENTIFIER = com.liftwatch.ios.watchkitapp;
				SDKROOT = watchos;
				SKIP_INSTALL = YES;
				TARGETED_DEVICE_FAMILY = 4;
			};
			name = Debug;
		};
/* End XCBuildConfiguration section */

/* Begin XCConfigurationList section */
		1A5216FA1EAA44584F8FECC9 /* Build configuration list for PBXProject "LiftWatch" */ = {
			isa = XCConfigurationList;
			buildConfigurations = (
				337733A52A6AD524ED3523FA /* Debug */,
				04C3C707FA8FFF07DF1EF6F5 /* Release */,
			);
			defaultConfigurationIsVisible = 0;
			defaultConfigurationName = Debug;
		};
		26995CDB2D750BDB707B106A /* Build configuration list for PBXNativeTarget "LiftWatchWatchExtension" */ = {
			isa = XCConfigurationList;
			buildConfigurations = (
				28C636DD226BBC4B66C1651A /* Debug */,
				24A6D7DC618F1696D591C069 /* Release */,
			);
			defaultConfigurationIsVisible = 0;
			defaultConfigurationName = Debug;
		};
		9DB6DC3BF0B13FDCEF20B653 /* Build configuration list for PBXNativeTarget "LiftWatchWatchApp" */ = {
			isa = XCConfigurationList;
			buildConfigurations = (
				C180F59F0F403B22662B61EB /* Debug */,
				4E8ADE272ADDDD34F9B989DB /* Release */,
			);
			defaultConfigurationIsVisible = 0;
			defaultConfigurationName = Debug;
		};
		F27438B6EF4EC0391563BA70 /* Build configuration list for PBXNativeTarget "LiftWatchIOS" */ = {
			isa = XCConfigurationList;
			buildConfigurations = (
				421F552D27B7BFF748EC0AF9 /* Debug */,
				69C43F393368ADC3667D366C /* Release */,
			);
			defaultConfigurationIsVisible = 0;
			defaultConfigurationName = Debug;
		};
/* End XCConfigurationList section */
	};
	rootObject = F980602E91E79D1B442BB54C /* Project object */;
}
